
Microsoft Visual Studio Solution File, Format Version 12.00
# Visual Studio Version 17
VisualStudioVersion = 17.3.32901.215
MinimumVisualStudioVersion = 10.0.40219.1
Project("{FAE04EC0-301F-11D3-BF4B-00C04F79EFBC}") = "WpfApp6", "WpfApp6\WpfApp6.csproj", "{2138F27A-A332-4A45-B98B-BC9B4C06BE47}"
EndProject
Global
	GlobalSection(SolutionConfigurationPlatforms) = preSolution
		Debug|Any CPU = Debug|Any CPU
		Release|Any CPU = Release|Any CPU
	EndGlobalSection
	GlobalSection(ProjectConfigurationPlatforms) = postSolution
		{2138F27A-A332-4A45-B98B-BC9B4C06BE47}.Debug|Any CPU.ActiveCfg = Debug|Any CPU
		{2138F27A-A332-4A45-B98B-BC9B4C06BE47}.Debug|Any CPU.Build.0 = Debug|Any CPU
		{2138F27A-A332-4A45-B98B-BC9B4C06BE47}.Release|Any CPU.ActiveCfg = Release|Any CPU
		{2138F27A-A332-4A45-B98B-BC9B4C06BE47}.Release|Any CPU.Build.0 = Release|Any CPU
	EndGlobalSection
	GlobalSection(SolutionProperties) = preSolution
		HideSolutionNode = FALSE
	EndGlobalSection
	GlobalSection(ExtensibilityGlobals) = postSolution
		SolutionGuid = {2EE067A5-5292-432E-8613-B83AC75F51AF}
	EndGlobalSection
EndGlobal
